
Microsoft Visual Studio Solution File, Format Version 12.00
# Visual Studio Version 17
VisualStudioVersion = 17.13.35931.197 d17.13
MinimumVisualStudioVersion = 10.0.40219.1
Project("{FAE04EC0-301F-11D3-BF4B-00C04F79EFBC}") = "CRUD console APP", "CRUD console APP\CRUD console APP.csproj", "{A9302EC5-5F66-47F5-ADCF-1B0B8D8BCAD1}"
EndProject
Global
	GlobalSection(SolutionConfigurationPlatforms) = preSolution
		Debug|Any CPU = Debug|Any CPU
		Release|Any CPU = Release|Any CPU
	EndGlobalSection
	GlobalSection(ProjectConfigurationPlatforms) = postSolution
		{A9302EC5-5F66-47F5-ADCF-1B0B8D8BCAD1}.Debug|Any CPU.ActiveCfg = Debug|Any CPU
		{A9302EC5-5F66-47F5-ADCF-1B0B8D8BCAD1}.Debug|Any CPU.Build.0 = Debug|Any CPU
		{A9302EC5-5F66-47F5-ADCF-1B0B8D8BCAD1}.Release|Any CPU.ActiveCfg = Release|Any CPU
		{A9302EC5-5F66-47F5-ADCF-1B0B8D8BCAD1}.Release|Any CPU.Build.0 = Release|Any CPU
	EndGlobalSection
	GlobalSection(SolutionProperties) = preSolution
		HideSolutionNode = FALSE
	EndGlobalSection
	GlobalSection(ExtensibilityGlobals) = postSolution
		SolutionGuid = {143448DF-253A-4B96-93CA-C9971789AD49}
	EndGlobalSection
EndGlobal
